
Microsoft Visual Studio Solution File, Format Version 12.00
# Visual Studio Version 17
VisualStudioVersion = 17.0.31612.314
MinimumVisualStudioVersion = 10.0.40219.1
Project("{9A19103F-16F7-4668-BE54-9A1E7A4F7556}") = "CodeAdvent", "CodeAdvent\CodeAdvent.csproj", "{16492F47-22B4-42F8-9DA1-32F2BF8C43A8}"
EndProject
Project("{9A19103F-16F7-4668-BE54-9A1E7A4F7556}") = "CodeAdvent2", "CodeAdvent2\CodeAdvent2.csproj", "{096920A5-DA3B-438A-BC04-117FE69E3211}"
EndProject
Project("{FAE04EC0-301F-11D3-BF4B-00C04F79EFBC}") = "CodeAdvent-Day2.1", "CodeAdvent-Day2.1\CodeAdvent-Day2.1.csproj", "{24B41559-80B5-4EC8-B1DA-28A9C62EDBBB}"
EndProject
Project("{FAE04EC0-301F-11D3-BF4B-00C04F79EFBC}") = "CodeAdvent-Day2.2", "CodeAdvent-Day2.2\CodeAdvent-Day2.2.csproj", "{B366B3DC-E858-4F92-8759-B068DDC40D79}"
EndProject
Global
	GlobalSection(SolutionConfigurationPlatforms) = preSolution
		Debug|Any CPU = Debug|Any CPU
		Release|Any CPU = Release|Any CPU
	EndGlobalSection
	GlobalSection(ProjectConfigurationPlatforms) = postSolution
		{16492F47-22B4-42F8-9DA1-32F2BF8C43A8}.Debug|Any CPU.ActiveCfg = Debug|Any CPU
		{16492F47-22B4-42F8-9DA1-32F2BF8C43A8}.Debug|Any CPU.Build.0 = Debug|Any CPU
		{16492F47-22B4-42F8-9DA1-32F2BF8C43A8}.Release|Any CPU.ActiveCfg = Release|Any CPU
		{16492F47-22B4-42F8-9DA1-32F2BF8C43A8}.Release|Any CPU.Build.0 = Release|Any CPU
		{096920A5-DA3B-438A-BC04-117FE69E3211}.Debug|Any CPU.ActiveCfg = Debug|Any CPU
		{096920A5-DA3B-438A-BC04-117FE69E3211}.Debug|Any CPU.Build.0 = Debug|Any CPU
		{096920A5-DA3B-438A-BC04-117FE69E3211}.Release|Any CPU.ActiveCfg = Release|Any CPU
		{096920A5-DA3B-438A-BC04-117FE69E3211}.Release|Any CPU.Build.0 = Release|Any CPU
		{24B41559-80B5-4EC8-B1DA-28A9C62EDBBB}.Debug|Any CPU.ActiveCfg = Debug|Any CPU
		{24B41559-80B5-4EC8-B1DA-28A9C62EDBBB}.Debug|Any CPU.Build.0 = Debug|Any CPU
		{24B41559-80B5-4EC8-B1DA-28A9C62EDBBB}.Release|Any CPU.ActiveCfg = Release|Any CPU
		{24B41559-80B5-4EC8-B1DA-28A9C62EDBBB}.Release|Any CPU.Build.0 = Release|Any CPU
		{B366B3DC-E858-4F92-8759-B068DDC40D79}.Debug|Any CPU.ActiveCfg = Debug|Any CPU
		{B366B3DC-E858-4F92-8759-B068DDC40D79}.Debug|Any CPU.Build.0 = Debug|Any CPU
		{B366B3DC-E858-4F92-8759-B068DDC40D79}.Release|Any CPU.ActiveCfg = Release|Any CPU
		{B366B3DC-E858-4F92-8759-B068DDC40D79}.Release|Any CPU.Build.0 = Release|Any CPU
	EndGlobalSection
	GlobalSection(SolutionProperties) = preSolution
		HideSolutionNode = FALSE
	EndGlobalSection
	GlobalSection(ExtensibilityGlobals) = postSolution
		SolutionGuid = {91BD4AB8-639F-4B34-A6C7-151C4C5E9A06}
	EndGlobalSection
EndGlobal
